
Microsoft Visual Studio Solution File, Format Version 12.00
# Visual Studio Version 17
VisualStudioVersion = 17.11.35312.102
MinimumVisualStudioVersion = 10.0.40219.1
Project("{FAE04EC0-301F-11D3-BF4B-00C04F79EFBC}") = "HelloWorld", "HelloWorld\HelloWorld.csproj", "{C8ECF38A-6157-48B9-968B-DD75CABEAB76}"
EndProject
Global
	GlobalSection(SolutionConfigurationPlatforms) = preSolution
		Debug|Any CPU = Debug|Any CPU
		Release|Any CPU = Release|Any CPU
	EndGlobalSection
	GlobalSection(ProjectConfigurationPlatforms) = postSolution
		{C8ECF38A-6157-48B9-968B-DD75CABEAB76}.Debug|Any CPU.ActiveCfg = Debug|Any CPU
		{C8ECF38A-6157-48B9-968B-DD75CABEAB76}.Debug|Any CPU.Build.0 = Debug|Any CPU
		{C8ECF38A-6157-48B9-968B-DD75CABEAB76}.Release|Any CPU.ActiveCfg = Release|Any CPU
		{C8ECF38A-6157-48B9-968B-DD75CABEAB76}.Release|Any CPU.Build.0 = Release|Any CPU
	EndGlobalSection
	GlobalSection(SolutionProperties) = preSolution
		HideSolutionNode = FALSE
	EndGlobalSection
	GlobalSection(ExtensibilityGlobals) = postSolution
		SolutionGuid = {3784D229-6228-45FC-B746-F9523C1D1680}
	EndGlobalSection
EndGlobal
